// !$*UTF8*$!
{
	archiveVersion = 1;
	classes = {
	};
	objectVersion = 46;
	objects = {

/* Begin PBXBuildFile section */
		AB89734C1DF4C3F000611D9E /* AppDelegate.swift in Sources */ = {isa = PBXBuildFile; fileRef = AB89734B1DF4C3F000611D9E /* AppDelegate.swift */; };
		AB89734E1DF4C3F000611D9E /* ViewController.swift in Sources */ = {isa = PBXBuildFile; fileRef = AB89734D1DF4C3F000611D9E /* ViewController.swift */; };
		AB8973511DF4C3F000611D9E /* Main.storyboard in Resources */ = {isa = PBXBuildFile; fileRef = AB89734F1DF4C3F000611D9E /* Main.storyboard */; };
		AB8973531DF4C3F000611D9E /* Assets.xcassets in Resources */ = {isa = PBXBuildFile; fileRef = AB8973521DF4C3F000611D9E /* Assets.xcassets */; };
		AB8973561DF4C3F000611D9E /* LaunchScreen.storyboard in Resources */ = {isa = PBXBuildFile; fileRef = AB8973541DF4C3F000611D9E /* LaunchScreen.storyboard */; };
/* End PBXBuildFile section */

/* Begin PBXFileReference section */
		AB8973481DF4C3F000611D9E /* WeeklyWeather.app */ = {isa = PBXFileReference; explicitFileType = wrapper.application; includeInIndex = 0; path = WeeklyWeather.app; sourceTree = BUILT_PRODUCTS_DIR; };
		AB89734B1DF4C3F000611D9E /* AppDelegate.swift */ = {isa = PBXFileReference; lastKnownFileType = sourcecode.swift; path = AppDelegate.swift; sourceTree = "<group>"; };
		AB89734D1DF4C3F000611D9E /* ViewController.swift */ = {isa = PBXFileReference; lastKnownFileType = sourcecode.swift; path = ViewController.swift; sourceTree = "<group>"; };
		AB8973501DF4C3F000611D9E /* Base */ = {isa = PBXFileReference; lastKnownFileType = file.storyboard; name = Base; path = Base.lproj/Main.storyboard; sourceTree = "<group>"; };
		AB8973521DF4C3F000611D9E /* Assets.xcassets */ = {isa = PBXFileReference; lastKnownFileType = folder.assetcatalog; path = Assets.xcassets; sourceTree = "<group>"; };
		AB8973551DF4C3F000611D9E /* Base */ = {isa = PBXFileReference; lastKnownFileType = file.storyboard; name = Base; path = Base.lproj/LaunchScreen.storyboard; sourceTree = "<group>"; };
		AB8973571DF4C3F000611D9E /* Info.plist */ = {isa = PBXFileReference; lastKnownFileType = text.plist.xml; path = Info.plist; sourceTree = "<group>"; };
/* End PBXFileReference section */

/* Begin PBXFrameworksBuildPhase section */
		AB8973451DF4C3F000611D9E /* Frameworks */ = {
			isa = PBXFrameworksBuildPhase;
			buildActionMask = 2147483647;
			files = (
			);
			runOnlyForDeploymentPostprocessing = 0;
		};
/* End PBXFrameworksBuildPhase section */

/* Begin PBXGroup section */
		AB89733F1DF4C3F000611D9E = {
			isa = PBXGroup;
			children = (
				AB89734A1DF4C3F000611D9E /* WeeklyWeather */,
				AB8973491DF4C3F000611D9E /* Products */,
			);
			sourceTree = "<group>";
		};
		AB8973491DF4C3F000611D9E /* Products */ = {
			isa = PBXGroup;
			children = (
				AB8973481DF4C3F000611D9E /* WeeklyWeather.app */,
			);
			name = Products;
			sourceTree = "<group>";
		};
		AB89734A1DF4C3F000611D9E /* WeeklyWeather */ = {
			isa = PBXGroup;
			children = (
				AB89734B1DF4C3F000611D9E /* AppDelegate.swift */,
				AB89734D1DF4C3F000611D9E /* ViewController.swift */,
				AB89734F1DF4C3F000611D9E /* Main.storyboard */,
				AB8973521DF4C3F000611D9E /* Assets.xcassets */,
				AB8973541DF4C3F000611D9E /* LaunchScreen.storyboard */,
				AB8973571DF4C3F000611D9E /* Info.plist */,
			);
			path = WeeklyWeather;
			sourceTree = "<group>";
		};
/* End PBXGroup section */

/* Begin PBXNativeTarget section */
		AB8973471DF4C3F000611D9E /* WeeklyWeather */ = {
			isa = PBXNativeTarget;
			buildConfigurationList = AB89735A1DF4C3F000611D9E /* Build configuration list for PBXNativeTarget "WeeklyWeather" */;
			buildPhases = (
				AB8973441DF4C3F000611D9E /* Sources */,
				AB8973451DF4C3F000611D9E /* Frameworks */,
				AB8973461DF4C3F000611D9E /* Resources */,
			);
			buildRules = (
			);
			dependencies = (
			);
			name = WeeklyWeather;
			productName = WeeklyWeather;
			productReference = AB8973481DF4C3F000611D9E /* WeeklyWeather.app */;
			productType = "com.apple.product-type.application";
		};
/* End PBXNativeTarget section */

/* Begin PBXProject section */
		AB8973401DF4C3F000611D9E /* Project object */ = {
			isa = PBXProject;
			attributes = {
				LastSwiftUpdateCheck = 0810;
				LastUpgradeCheck = 0810;
				ORGANIZATIONNAME = "Richard Reed";
				TargetAttributes = {
					AB8973471DF4C3F000611D9E = {
						CreatedOnToolsVersion = 8.1;
						DevelopmentTeam = T94AAQV2Z8;
						ProvisioningStyle = Automatic;
					};
				};
			};
			buildConfigurationList = AB8973431DF4C3F000611D9E /* Build configuration list for PBXProject "WeeklyWeather" */;
			compatibilityVersion = "Xcode 3.2";
			developmentRegion = English;
			hasScannedForEncodings = 0;
			knownRegions = (
				en,
				Base,
			);
			mainGroup = AB89733F1DF4C3F000611D9E;
			productRefGroup = AB8973491DF4C3F000611D9E /* Products */;
			projectDirPath = "";
			projectRoot = "";
			targets = (
				AB8973471DF4C3F000611D9E /* WeeklyWeather */,
			);
		};
/* End PBXProject section */

/* Begin PBXResourcesBuildPhase section */
		AB8973461DF4C3F000611D9E /* Resources */ = {
			isa = PBXResourcesBuildPhase;
			buildActionMask = 2147483647;
			files = (
				AB8973561DF4C3F000611D9E /* LaunchScreen.storyboard in Resources */,
				AB8973531DF4C3F000611D9E /* Assets.xcassets in Resources */,
				AB8973511DF4C3F000611D9E /* Main.storyboard in Resources */,
			);
			runOnlyForDeploymentPostprocessing = 0;
		};
/* End PBXResourcesBuildPhase section */

/* Begin PBXSourcesBuildPhase section */
		AB8973441DF4C3F000611D9E /* Sources */ = {
			isa = PBXSourcesBuildPhase;
			buildActionMask = 2147483647;
			files = (
				AB89734E1DF4C3F000611D9E /* ViewController.swift in Sources */,
				AB89734C1DF4C3F000611D9E /* AppDelegate.swift in Sources */,
			);
			runOnlyForDeploymentPostprocessing = 0;
		};
/* End PBXSourcesBuildPhase section */

/* Begin PBXVariantGroup section */
		AB89734F1DF4C3F000611D9E /* Main.storyboard */ = {
			isa = PBXVariantGroup;
			children = (
				AB8973501DF4C3F000611D9E /* Base */,
			);
			name = Main.storyboard;
			sourceTree = "<group>";
		};
		AB8973541DF4C3F000611D9E /* LaunchScreen.storyboard */ = {
			isa = PBXVariantGroup;
			children = (
				AB8973551DF4C3F000611D9E /* Base */,
			);
			name = LaunchScreen.storyboard;
			sourceTree = "<group>";
		};
/* End PBXVariantGroup section */

/* Begin XCBuildConfiguration section */
		AB8973581DF4C3F000611D9E /* Debug */ = {
			isa = XCBuildConfiguration;
			buildSettings = {
				ALWAYS_SEARCH_USER_PATHS = NO;
				CLANG_ANALYZER_NONNULL = YES;
				CLANG_CXX_LANGUAGE_STANDARD = "gnu++0x";
				CLANG_CXX_LIBRARY = "libc++";
				CLANG_ENABLE_MODULES = YES;
				CLANG_ENABLE_OBJC_ARC = YES;
				CLANG_WARN_BOOL_CONVERSION = YES;
				CLANG_WARN_CONSTANT_CONVERSION = YES;
				CLANG_WARN_DIRECT_OBJC_ISA_USAGE = YES_ERROR;
				CLANG_WARN_DOCUMENTATION_COMMENTS = YES;
				CLANG_WARN_EMPTY_BODY = YES;
				CLANG_WARN_ENUM_CONVERSION = YES;
				CLANG_WARN_INFINITE_RECURSION = YES;
				CLANG_WARN_INT_CONVERSION = YES;
				CLANG_WARN_OBJC_ROOT_CLASS = YES_ERROR;
				CLANG_WARN_SUSPICIOUS_MOVES = YES;
				CLANG_WARN_UNREACHABLE_CODE = YES;
				CLANG_WARN__DUPLICATE_METHOD_MATCH = YES;
				"CODE_SIGN_IDENTITY[sdk=iphoneos*]" = "iPhone Developer";
				COPY_PHASE_STRIP = NO;
				DEBUG_INFORMATION_FORMAT = dwarf;
				ENABLE_STRICT_OBJC_MSGSEND = YES;
				ENABLE_TESTABILITY = YES;
				GCC_C_LANGUAGE_STANDARD = gnu99;
				GCC_DYNAMIC_NO_PIC = NO;
				GCC_NO_COMMON_BLOCKS = YES;
				GCC_OPTIMIZATION_LEVEL = 0;
				GCC_PREPROCESSOR_DEFINITIONS = (
					"DEBUG=1",
					"$(inherited)",
				);
				GCC_WARN_64_TO_32_BIT_CONVERSION = YES;
				GCC_WARN_ABOUT_RETURN_TYPE = YES_ERROR;
				GCC_WARN_UNDECLARED_SELECTOR = YES;
				GCC_WARN_UNINITIALIZED_AUTOS = YES_AGGRESSIVE;
				GCC_WARN_UNUSED_FUNCTION = YES;
				GCC_WARN_UNUSED_VARIABLE = YES;
				IPHONEOS_DEPLOYMENT_TARGET = 10.1;
				MTL_ENABLE_DEBUG_INFO = YES;
				ONLY_ACTIVE_ARCH = YES;
				SDKROOT = iphoneos;
				SWIFT_ACTIVE_COMPILATION_CONDITIONS = DEBUG;
				SWIFT_OPTIMIZATION_LEVEL = "-Onone";
			};
			name = Debug;
		};
		AB8973591DF4C3F000611D9E /* Release */ = {
			isa = XCBuildConfiguration;
			buildSettings = {
				ALWAYS_SEARCH_USER_PATHS = NO;
				CLANG_ANALYZER_NONNULL = YES;
				CLANG_CXX_LANGUAGE_STANDARD = "gnu++0x";
				CLANG_CXX_LIBRARY = "libc++";
				CLANG_ENABLE_MODULES = YES;
				CLANG_ENABLE_OBJC_ARC = YES;
				CLANG_WARN_BOOL_CONVERSION = YES;
				CLANG_WARN_CONSTANT_CONVERSION = YES;
				CLANG_WARN_DIRECT_OBJC_ISA_USAGE = YES_ERROR;
				CLANG_WARN_DOCUMENTATION_COMMENTS = YES;
				CLANG_WARN_EMPTY_BODY = YES;
				CLANG_WARN_ENUM_CONVERSION = YES;
				CLANG_WARN_INFINITE_RECURSION = YES;
				CLANG_WARN_INT_CONVERSION = YES;
				CLANG_WARN_OBJC_ROOT_CLASS = YES_ERROR;
				CLANG_WARN_SUSPICIOUS_MOVES = YES;
				CLANG_WARN_UNREACHABLE_CODE = YES;
				CLANG_WARN__DUPLICATE_METHOD_MATCH = YES;
				"CODE_SIGN_IDENTITY[sdk=iphoneos*]" = "iPhone Developer";
				COPY_PHASE_STRIP = NO;
				DEBUG_INFORMATION_FORMAT = "dwarf-with-dsym";
				ENABLE_NS_ASSERTIONS = NO;
				ENABLE_STRICT_OBJC_MSGSEND = YES;
				GCC_C_LANGUAGE_STANDARD = gnu99;
				GCC_NO_COMMON_BLOCKS = YES;
				GCC_WARN_64_TO_32_BIT_CONVERSION = YES;
				GCC_WARN_ABOUT_RETURN_TYPE = YES_ERROR;
				GCC_WARN_UNDECLARED_SELECTOR = YES;
				GCC_WARN_UNINITIALIZED_AUTOS = YES_AGGRESSIVE;
				GCC_WARN_UNUSED_FUNCTION = YES;
				GCC_WARN_UNUSED_VARIABLE = YES;
				IPHONEOS_DEPLOYMENT_TARGET = 10.1;
				MTL_ENABLE_DEBUG_INFO = NO;
				SDKROOT = iphoneos;
				SWIFT_OPTIMIZATION_LEVEL = "-Owholemodule";
				VALIDATE_PRODUCT = YES;
			};
			name = Release;
		};
		AB89735B1DF4C3F000611D9E /* Debug */ = {
			isa = XCBuildConfiguration;
			buildSettings = {
				ASSETCATALOG_COMPILER_APPICON_NAME = AppIcon;
				DEVELOPMENT_TEAM = T94AAQV2Z8;
				INFOPLIST_FILE = WeeklyWeather/Info.plist;
				LD_RUNPATH_SEARCH_PATHS = "$(inherited) @executable_path/Frameworks";
				PRODUCT_BUNDLE_IDENTIFIER = com.richardreed.WeeklyWeather;
				PRODUCT_NAME = "$(TARGET_NAME)";
				SWIFT_VERSION = 3.0;
			};
			name = Debug;
		};
		AB89735C1DF4C3F000611D9E /* Release */ = {
			isa = XCBuildConfiguration;
			buildSettings = {
				ASSETCATALOG_COMPILER_APPICON_NAME = AppIcon;
				DEVELOPMENT_TEAM = T94AAQV2Z8;
				INFOPLIST_FILE = WeeklyWeather/Info.plist;
				LD_RUNPATH_SEARCH_PATHS = "$(inherited) @executable_path/Frameworks";
				PRODUCT_BUNDLE_IDENTIFIER = com.richardreed.WeeklyWeather;
				PRODUCT_NAME = "$(TARGET_NAME)";
				SWIFT_VERSION = 3.0;
			};
			name = Release;
		};
/* End XCBuildConfiguration section */

/* Begin XCConfigurationList section */
		AB8973431DF4C3F000611D9E /* Build configuration list for PBXProject "WeeklyWeather" */ = {
			isa = XCConfigurationList;
			buildConfigurations = (
				AB8973581DF4C3F000611D9E /* Debug */,
				AB8973591DF4C3F000611D9E /* Release */,
			);
			defaultConfigurationIsVisible = 0;
			defaultConfigurationName = Release;
		};
		AB89735A1DF4C3F000611D9E /* Build configuration list for PBXNativeTarget "WeeklyWeather" */ = {
			isa = XCConfigurationList;
			buildConfigurations = (
				AB89735B1DF4C3F000611D9E /* Debug */,
				AB89735C1DF4C3F000611D9E /* Release */,
			);
			defaultConfigurationIsVisible = 0;
		};
/* End XCConfigurationList section */
	};
	rootObject = AB8973401DF4C3F000611D9E /* Project object */;
}
